{
  "pins" : [
    {
      "identity" : "ios-bluetooth-numbers-database",
      "kind" : "remoteSourceControl",
      "location" : "https://github.com/NickKibish/iOS-Bluetooth-Numbers-Database.git",
      "state" : {
        "branch" : "main",
        "revision" : "46dae550b89af3f8897070d331930f7e231748ff"
      }
    },
    {
      "identity" : "ios-corebluetooth-mock",
      "kind" : "remoteSourceControl",
      "location" : "https://github.com/NickKibish/IOS-CoreBluetooth-Mock.git",
      "state" : {
        "branch" : "main",
        "revision" : "de20de42538eb4bf6156543a3576f5286ea5f22b"
      }
    }
  ],
  "version" : 2
}
